
Microsoft Visual Studio Solution File, Format Version 12.00
# Visual Studio 15
VisualStudioVersion = 15.0.27130.2036
MinimumVisualStudioVersion = 10.0.40219.1
Project("{FAE04EC0-301F-11D3-BF4B-00C04F79EFBC}") = "PBLVII", "PBLVII\PBLVII.csproj", "{628D73D3-C669-4F32-8A8A-AF54589E9198}"
EndProject
Global
	GlobalSection(SolutionConfigurationPlatforms) = preSolution
		Debug|Any CPU = Debug|Any CPU
		Release|Any CPU = Release|Any CPU
	EndGlobalSection
	GlobalSection(ProjectConfigurationPlatforms) = postSolution
		{628D73D3-C669-4F32-8A8A-AF54589E9198}.Debug|Any CPU.ActiveCfg = Debug|Any CPU
		{628D73D3-C669-4F32-8A8A-AF54589E9198}.Debug|Any CPU.Build.0 = Debug|Any CPU
		{628D73D3-C669-4F32-8A8A-AF54589E9198}.Release|Any CPU.ActiveCfg = Release|Any CPU
		{628D73D3-C669-4F32-8A8A-AF54589E9198}.Release|Any CPU.Build.0 = Release|Any CPU
	EndGlobalSection
	GlobalSection(SolutionProperties) = preSolution
		HideSolutionNode = FALSE
	EndGlobalSection
	GlobalSection(ExtensibilityGlobals) = postSolution
		SolutionGuid = {30C305DC-978F-4E64-9F56-03BBD7193884}
	EndGlobalSection
EndGlobal
